# THIS IS AN AUTOGENERATED FILE. DO NOT EDIT THIS FILE DIRECTLY.
assets/SearchIcon.svg.liquid:
  development: 2018-05-24T17:49:47+01:00   ffe05be633b74114050f8a897a779f6c
assets/ajax-loader.gif:
  development: 2018-05-24T17:49:47+01:00   bebd38fcda224c9eb3c8740feb955b62
assets/banner-placeholder.png:
  development: 2018-05-24T17:49:47+01:00   474d85fd20e1fb765a502f2bd036c26e
assets/down-arrow.svg:
  development: 2018-05-24T17:49:47+01:00   5fac5b530659adac540971d34f2c9581
assets/facebook.svg.liquid:
  development: 2018-05-24T17:49:47+01:00   2ceb6a2c926d5717ae6b3c9b943b915a
assets/font-awesome.min.css:
  development: 2018-05-24T17:49:48+01:00   269550530cc127b6aa5a35925a7de6ce
assets/gift-card.scss.liquid:
  development: 2018-05-24T17:49:48+01:00   c4d99d6414af35760c5112b609962e87
assets/ico-select.svg.liquid:
  development: 2018-05-24T17:49:48+01:00   55035eac576dd1828717ff04b596a873
assets/icon-cart-fill.svg:
  development: 2018-05-24T17:49:48+01:00   6d9cad9cc3fce1025331772e04d867ed
assets/icon-mobile-search.svg:
  development: 2018-05-24T17:49:48+01:00   33068d60d9a3d735f43dc862892b9e14
assets/icon-tick.svg:
  development: 2018-05-24T17:49:48+01:00   0b8280c37c6af068d713ce6f4aadb2ed
assets/icon_account.svg.liquid:
  development: 2018-05-24T17:49:48+01:00   0eae46d00a0757979a23eca3e7451da2
assets/icon_cart.svg:
  development: 2018-05-24T17:49:48+01:00   75c39d74b76f079a480f82c0d72f5cc1
assets/icon_cartfill.svg:
  development: 2018-05-24T17:49:48+01:00   75c39d74b76f079a480f82c0d72f5cc1
assets/icon_sale.svg:
  development: 2018-05-24T17:49:48+01:00   734572c2a89c90e48e2e758d475c4cb2
assets/icon_sale_badge.svg:
  development: 2018-05-24T17:49:49+01:00   f53e23f4c032790d6051d75d1ce628a6
assets/icon_search.svg:
  development: 2018-05-24T17:49:49+01:00   49a4ec5ec3473c534aa41b2e9242b394
assets/icon_soldout.svg:
  development: 2018-05-24T17:49:49+01:00   ce879f9db0ffceddfb3b5a0a5ef12a9f
assets/icon_soldout_badge.svg:
  development: 2018-05-24T17:49:49+01:00   289ae4111f2f1261c74fcbdf56b2ac03
assets/icons.eot:
  development: 2018-05-24T17:49:49+01:00   53fba80ca7b976c8e8f36239248d1428
assets/icons.json:
  development: 2018-05-24T17:49:49+01:00   467ae0d37b967d5cd7b6ab2d6c562a95
assets/icons.svg:
  development: 2018-05-24T17:49:49+01:00   f8dcdc808ce83807f38d405e72ef7b61
assets/icons.ttf:
  development: 2018-05-24T17:49:49+01:00   3ba8dd6022b25e8dbfb02aebd6bb566d
assets/icons.woff:
  development: 2018-05-24T17:49:49+01:00   01f5645809a9591a2e9bf9843c12f166
assets/instagram-feed.svg:
  development: 2018-05-24T17:49:50+01:00   13413f179870f36a7a198a20d395e8fe
assets/lifestyle-1.svg:
  development: 2018-05-24T17:49:50+01:00   9a61f91e30343ab196fd1d60e09e172e
assets/liquid-styles.scss.liquid:
  development: 2018-05-24T17:49:50+01:00   8478b2d702acde79794bf98e3a4cbb15
assets/password.scss.liquid:
  development: 2018-05-24T17:49:50+01:00   81f929d46abd8e4c31495008f444c812
assets/phone.png:
  development: 2018-05-24T17:49:50+01:00   ce639db4796bcf1904cc309fcbb8fdb0
assets/placeholder-blog.png:
  development: 2018-05-24T17:49:50+01:00   c1c852f09c19be21b2547aac726a3a41
assets/plugins.scss.liquid:
  development: 2018-05-24T17:49:50+01:00   cf2d44f5a73d851e014acc216e198c2e
assets/remodal.min.js:
  development: 2018-05-24T17:49:50+01:00   27766f7f253c55e082376b092bcf2f1e
assets/respond-proxy.html:
  development: 2018-05-24T17:49:50+01:00   75002d74a330bff6bf069284da503b4c
assets/search-icon.png:
  development: 2018-05-24T17:49:50+01:00   65861bea65e4c295b8e4e905f68ead21
assets/search-icon.svg:
  development: 2018-05-24T17:49:51+01:00   32f24041cf5e3c40f94f4ce42b945bbd
assets/soldout.png:
  development: 2018-05-24T17:49:51+01:00   6a7697db19e17aae7568e216c2b365af
assets/temp-product.jpg:
  development: 2018-05-24T17:49:51+01:00   317988cdf20932b5254cc49c1f74b922
assets/temp-product2.jpg:
  development: 2018-05-24T17:49:51+01:00   f45915dc7db7ec6bbd3ecf17a24fd262
assets/theme-IE.scss.liquid:
  development: 2018-05-24T17:49:51+01:00   1bfd184079984f1cec90e24be9693bf6
assets/theme.js.liquid:
  development: 2018-05-24T17:49:51+01:00   4d4a3d3b959db5ae456cdbc184ec44de
assets/theme.scss.liquid:
  development: 2018-05-24T17:49:52+01:00   806a55b8b48dfe2cd4006e2525025397
assets/timber.scss.liquid:
  development: 2018-05-24T17:49:52+01:00   b0731cc1f171d3b7cb2f934ad426f9f7
config/settings_data.json:
  development: 2018-06-03T17:12:44+01:00   db7b163822b2ccea82afce6617d39a94
config/settings_schema.json:
  development: 2018-05-24T17:49:54+01:00   ff72f3d8431e641763db7b4d44a1242b
layout/password.liquid:
  development: 2018-05-24T17:49:52+01:00   0694857b998a849233634f999d53281e
layout/theme.liquid:
  development: 2018-06-03T21:56:33+01:00   7b072ca300067bd2efa7d0a008de6f48
locales/en.default.json:
  development: 2018-05-24T17:49:52+01:00   c3c491f1cc6df9e6b8a08a2248475712
sections/about.liquid:
  development: 2018-05-24T17:49:45+01:00   c2c2a545b4cbe7a1b38b6d299070b645
sections/article.liquid:
  development: 2018-05-24T17:49:45+01:00   34cc7ee6ce7a0fa1eb955a921e9a41c7
sections/blog.liquid:
  development: 2018-05-24T17:49:45+01:00   fce9d7df490309f68f5d3f42eb68389a
sections/cart-template.liquid:
  development: 2018-05-24T17:49:45+01:00   9ce9799e29a5ba089a973d131d644d46
sections/collection-featured-template.liquid:
  development: 2018-05-24T17:49:45+01:00   5fdffe19e6ec27e702cbf51a2d968d04
sections/collection-list-template.liquid:
  development: 2018-05-24T17:49:45+01:00   6d9d75960c92b83819ae92ddaa06904d
sections/collection-template.liquid:
  development: 2018-05-24T17:49:45+01:00   7fe8e6d1411f28f5d4043b0c9137a3fd
sections/contact.liquid:
  development: 2018-05-24T17:49:45+01:00   7329788cb78320c9059c2cbef29302a7
sections/footer.liquid:
  development: 2018-05-24T17:49:46+01:00   165b7c64f279f99e44203191f85a1659
sections/header.liquid:
  development: 2018-05-24T17:49:46+01:00   e2f90406c683f03a02cdbffabbab3d08
sections/home-banner1.liquid:
  development: 2018-05-24T17:49:46+01:00   b251052e1cad60c9e805b8f727d8b4db
sections/home-blog.liquid:
  development: 2018-05-24T17:49:46+01:00   7f4b67b1f3e17dedaabf8336cd671986
sections/home-collection-list.liquid:
  development: 2018-05-24T17:49:46+01:00   e0bc351fdfcbc8879fbfd479da3f73f8
sections/home-featured-collection.liquid:
  development: 2018-05-24T17:49:46+01:00   282a8429400b97067eda55e70e64599c
sections/home-featured-products.liquid:
  development: 2018-05-24T17:49:46+01:00   77f8ea1946b13df9a4f6d8ae2f78f34b
sections/home-features.liquid:
  development: 2018-05-24T17:49:46+01:00   735893916d447a5629fa98bbd9cc61d4
sections/home-instagram.liquid:
  development: 2018-05-24T17:49:46+01:00   40af566cc4220bd3f3acf8da80421a02
sections/home-masonry.liquid:
  development: 2018-05-24T17:49:46+01:00   ffc038c9e7bea266578081c93c2cd3a7
sections/home-promotions.liquid:
  development: 2018-05-24T17:49:46+01:00   41bc2efe73819d0ae0d610f657b39ba2
sections/home-rich-text.liquid:
  development: 2018-05-24T17:49:46+01:00   f88c51ee2a20b8d280af1f45daecade0
sections/home-video.liquid:
  development: 2018-05-24T17:49:46+01:00   c1776769a7d326b068f0b424f808fd27
sections/list-collection-2.liquid:
  development: 2018-05-24T17:49:46+01:00   55a70ee1176f77c605556293c36c547f
sections/list-collection-5.liquid:
  development: 2018-05-24T17:49:46+01:00   0ee8aa117ba4f915af5baf349923eccf
sections/map.liquid:
  development: 2018-05-24T17:49:46+01:00   5268ffd887ce3e313b2f0750497f5444
sections/password-content.liquid:
  development: 2018-05-24T17:49:46+01:00   219ee8ce40a7886699e8a38eae1c8b0a
sections/password-header.liquid:
  development: 2018-05-24T17:49:47+01:00   d670a0a6886bbc348eb5c361bd1a1b13
sections/product-brand-features.liquid:
  development: 2018-05-24T17:49:47+01:00   ce5eb8593345531de87b6e27d7c541f8
sections/product-template.liquid:
  development: 2018-06-03T22:44:43+01:00   d65884992529a1255fcd4faf2a1d6d24
sections/search-template.liquid:
  development: 2018-05-24T17:49:47+01:00   9102a544e55fad6f21794d10ba842fb2
snippets/ajax-cart-template.liquid:
  development: 2018-05-24T17:49:52+01:00   2ad7d1deebc13451a3be164edf582bf6
snippets/bgset.liquid:
  development: 2018-05-24T17:49:52+01:00   9a6760d57fe34fcd1f7a7876e087b756
snippets/bgsetzoom.liquid:
  development: 2018-05-24T17:49:52+01:00   e4b3cd73331092791917ee9d6f08eac0
snippets/blog-sidebar.liquid:
  development: 2018-05-24T17:49:52+01:00   7a1d70c532f82fcf6c5394a4b406f860
snippets/collection-grid-item.liquid:
  development: 2018-05-24T17:49:52+01:00   dfd8a2b2fc03deb3cef0509c42790b0a
snippets/collection-sorting.liquid:
  development: 2018-05-24T17:49:52+01:00   dbf3820eddce0a37cd8ec7cb6355d4e8
snippets/comment.liquid:
  development: 2018-05-24T17:49:52+01:00   c766e42be8a74e05533d0e5a0e3a9ce3
snippets/contact-form-general.liquid:
  development: 2018-05-24T17:49:52+01:00   222f62e720174499c943fc9544c4733d
snippets/desktop-product-form.liquid:
  development: 2018-05-24T17:49:52+01:00   96a53b5318ac2dd9f9d5e9a9667f825b
snippets/footer-social-media.liquid:
  development: 2018-05-24T17:49:52+01:00   568be3eb3b7c405f7d632af82bd11dd6
snippets/google-fonts.liquid:
  development: 2018-05-24T17:49:52+01:00   c2399a264bc19b42d295e45d319b2e92
snippets/grid-rework.liquid:
  development: 2018-05-24T17:49:52+01:00   8f6bfdc81de93c7fe6b5efcd47198893
snippets/home-blog-tab-content.liquid:
  development: 2018-05-24T17:49:52+01:00   a51d218c744586344a6c0860144b4323
snippets/home-featured-products-form.liquid:
  development: 2018-05-24T17:49:52+01:00   6d876c49ebb9a62eb4d323d07e5c839e
snippets/icon-pin.liquid:
  development: 2018-05-24T17:49:52+01:00   694162388571d6142ec30bc299d8ac91
snippets/image-style.liquid:
  development: 2018-05-24T17:49:52+01:00   2d807ad1f4831d306d8e190b89d45c00
snippets/loft-nav-gather-sublist.liquid:
  development: 2018-05-24T17:49:52+01:00   2e6bf2846784989ef0efc7211a9f4a13
snippets/loft-nav-group.liquid:
  development: 2018-05-24T17:49:52+01:00   a85fa01344cf7e20a94f91167e9158c4
snippets/loft-nav-item.liquid:
  development: 2018-05-24T17:49:53+01:00   be08d3d79989c885f21f2175b027ec8d
snippets/loft-nav.liquid:
  development: 2018-05-24T17:49:53+01:00   06cea75706d8e688ab49849f1c4e49ce
snippets/mobile-product-form.liquid:
  development: 2018-05-24T17:49:53+01:00   4b9422e26de0303aac47d9cb679c53b7
snippets/navigation-social-media.liquid:
  development: 2018-05-24T17:49:53+01:00   a1d78566468da52fa4caa634dae2be57
snippets/newsletter-modal.liquid:
  development: 2018-05-24T17:49:53+01:00   97d3a5a80af8376d969c5889b0eb87bf
snippets/oldIE-js.liquid:
  development: 2018-05-24T17:49:53+01:00   1197cc7109944206a600ed5caaef6a6f
snippets/placeholder-images.liquid:
  development: 2018-05-24T17:49:53+01:00   3b63816fc76e0d09c1fb2b73191d9340
snippets/product-description.liquid:
  development: 2018-06-03T12:48:17+01:00   e0c3e727777da121420c8f5d8d1bff66
snippets/product-details.liquid:
  development: 2018-05-24T17:49:53+01:00   f95aa2936d4f3c4450679865712983d1
snippets/product-grid-item.liquid:
  development: 2018-05-24T17:49:53+01:00   b70a04c68f1c59a79770d702628d1e77
snippets/product-price-mobile.liquid:
  development: 2018-05-24T17:49:53+01:00   137a2a9015c9bc819f1b37ee47fa87a4
snippets/respond.liquid:
  development: 2018-05-24T17:49:53+01:00   ca6abf0635dc2ad8c6bd377f83c79f6b
snippets/search-bar.liquid:
  development: 2018-05-24T17:49:53+01:00   96b0c66d95319f46fa1ce03b7bd89c1b
snippets/social-meta-tags.liquid:
  development: 2018-05-24T17:49:53+01:00   a19c3252e347bd60acce9cd2bece03a8
snippets/social-sharing.liquid:
  development: 2018-05-24T17:49:53+01:00   6924d258ae85f4f9d16b7a84f5127547
snippets/svgIcons.liquid:
  development: 2018-05-24T17:49:53+01:00   93ab3a513da16ad7d29804189828da04
snippets/swatch.liquid:
  development: 2018-05-24T17:49:53+01:00   61de480080737140c30425e77d6be738
snippets/tags-article.liquid:
  development: 2018-05-24T17:49:53+01:00   52bc59a44a51be2f1745559c2ba514a2
snippets/tbm-icons.liquid:
  development: 2018-05-24T17:49:53+01:00   70e9ed7730121100a4cf5570489a8ccc
snippets/variant-qty-controls.liquid:
  development: 2018-05-24T17:49:53+01:00   ca0d22fab172b3b363f995358701dbfe
snippets/variant-selects.liquid:
  development: 2018-05-24T17:49:53+01:00   f9be87ac9a4791c97fc4b41548ccd2c8
templates/404.liquid:
  development: 2018-05-24T17:49:53+01:00   b35e1339d38c9a1cc7773e01a0dee1bb
templates/article.liquid:
  development: 2018-05-24T17:49:53+01:00   046275a11e089492b4dd1bfb0d4fcb6d
templates/blog.liquid:
  development: 2018-05-24T17:49:53+01:00   04e1a6ad44ad824554a66e0a8a875eb3
templates/cart.liquid:
  development: 2018-05-24T17:49:53+01:00   50a6af0dd719c491f32c0e5e591f42c2
templates/collection.featured-products.liquid:
  development: 2018-05-24T17:49:54+01:00   18a3e412047230fd9c7a838f707d57b5
templates/collection.liquid:
  development: 2018-05-24T17:49:54+01:00   b45d3c007e394a0a025f7a3dc32d7576
templates/customers/account.liquid:
  development: 2018-05-24T17:49:54+01:00   42695fadcb7728fa875ceeb777e6709f
templates/customers/activate_account.liquid:
  development: 2018-05-24T17:49:54+01:00   2384bfb40f8e32c26b0514eab243056f
templates/customers/addresses.liquid:
  development: 2018-05-24T17:49:54+01:00   30ff8c3bcc0369619b4afc6e1affa815
templates/customers/login.liquid:
  development: 2018-05-24T17:49:54+01:00   23e1abe54e1a0755c56f05f27a79b5de
templates/customers/order.liquid:
  development: 2018-05-24T17:49:54+01:00   8384f9a70d9bb878a314b8bed345a97b
templates/customers/register.liquid:
  development: 2018-05-24T17:49:54+01:00   f633e8846e51e853bd86fb8b12ffa9fd
templates/customers/reset_password.liquid:
  development: 2018-05-24T17:49:54+01:00   47118245484ee9525503ad235d8feb62
templates/gift_card.liquid:
  development: 2018-05-24T17:49:54+01:00   c1ae0f8232e003fac57213d1353e513c
templates/index.liquid:
  development: 2018-05-24T17:49:54+01:00   66c7fb672ef650c44a9e414b59775f6b
templates/list-collections.liquid:
  development: 2018-05-24T17:49:54+01:00   282095db381588168ea8c0c7672bc15c
templates/page.about.liquid:
  development: 2018-05-24T17:49:54+01:00   0227225b2cca94a413fab9e19d56c667
templates/page.contact.liquid:
  development: 2018-05-24T17:49:54+01:00   4e5215e023c9f4e8ca03657b5dc27a48
templates/page.liquid:
  development: 2018-05-24T17:49:54+01:00   d7ff71312132707dfcd85d8d47681a5b
templates/page.list-collections-2-products.liquid:
  development: 2018-05-24T17:49:54+01:00   3dae3a7c3887ce505db63cf2da3a07f6
templates/page.list-collections-5-products.liquid:
  development: 2018-05-24T17:49:54+01:00   318060ba4d61ca0aac4773e8a9b1e31e
templates/password.liquid:
  development: 2018-05-24T17:49:54+01:00   238acb65638b5fc0f28858f56ec0440a
templates/product.liquid:
  development: 2018-05-24T17:49:54+01:00   bd649a84bd10e0c55efc5a7f49de4a17
templates/search.liquid:
  development: 2018-05-24T17:49:54+01:00   6877a278e8b7bb0a99602831fe249ccc
